
Microsoft Visual Studio Solution File, Format Version 12.00
# Visual Studio Version 17
VisualStudioVersion = 17.7.34031.279
MinimumVisualStudioVersion = 10.0.40219.1
Project("{FAE04EC0-301F-11D3-BF4B-00C04F79EFBC}") = "thirdpartyclamavinstaller0", "thirdpartyclamavinstaller0\thirdpartyclamavinstaller0.csproj", "{1846434C-3940-4BCE-AC00-D1D2CD45C908}"
EndProject
Global
	GlobalSection(SolutionConfigurationPlatforms) = preSolution
		Debug|Any CPU = Debug|Any CPU
		Release|Any CPU = Release|Any CPU
	EndGlobalSection
	GlobalSection(ProjectConfigurationPlatforms) = postSolution
		{1846434C-3940-4BCE-AC00-D1D2CD45C908}.Debug|Any CPU.ActiveCfg = Debug|Any CPU
		{1846434C-3940-4BCE-AC00-D1D2CD45C908}.Debug|Any CPU.Build.0 = Debug|Any CPU
		{1846434C-3940-4BCE-AC00-D1D2CD45C908}.Release|Any CPU.ActiveCfg = Release|Any CPU
		{1846434C-3940-4BCE-AC00-D1D2CD45C908}.Release|Any CPU.Build.0 = Release|Any CPU
	EndGlobalSection
	GlobalSection(SolutionProperties) = preSolution
		HideSolutionNode = FALSE
	EndGlobalSection
	GlobalSection(ExtensibilityGlobals) = postSolution
		SolutionGuid = {3003140B-1C9B-47BF-9638-C5DA981C0D23}
	EndGlobalSection
EndGlobal
