
Microsoft Visual Studio Solution File, Format Version 12.00
# Visual Studio Version 17
VisualStudioVersion = 17.7.34031.279
MinimumVisualStudioVersion = 10.0.40219.1
Project("{FAE04EC0-301F-11D3-BF4B-00C04F79EFBC}") = "thirdpartyclamavinstaller", "thirdpartyclamavinstaller\thirdpartyclamavinstaller.csproj", "{B41FE223-B042-4923-9974-99314640617B}"
EndProject
Global
	GlobalSection(SolutionConfigurationPlatforms) = preSolution
		Debug|Any CPU = Debug|Any CPU
		Release|Any CPU = Release|Any CPU
	EndGlobalSection
	GlobalSection(ProjectConfigurationPlatforms) = postSolution
		{B41FE223-B042-4923-9974-99314640617B}.Debug|Any CPU.ActiveCfg = Debug|Any CPU
		{B41FE223-B042-4923-9974-99314640617B}.Debug|Any CPU.Build.0 = Debug|Any CPU
		{B41FE223-B042-4923-9974-99314640617B}.Release|Any CPU.ActiveCfg = Release|Any CPU
		{B41FE223-B042-4923-9974-99314640617B}.Release|Any CPU.Build.0 = Release|Any CPU
	EndGlobalSection
	GlobalSection(SolutionProperties) = preSolution
		HideSolutionNode = FALSE
	EndGlobalSection
	GlobalSection(ExtensibilityGlobals) = postSolution
		SolutionGuid = {63C811FE-0F07-4A57-8B52-B8DD44DA7286}
	EndGlobalSection
EndGlobal
