
Microsoft Visual Studio Solution File, Format Version 12.00
# Visual Studio Version 17
VisualStudioVersion = 17.7.34031.279
MinimumVisualStudioVersion = 10.0.40219.1
Project("{FAE04EC0-301F-11D3-BF4B-00C04F79EFBC}") = "antivirusfalsepositivetest4", "antivirusfalsepositivetest4\antivirusfalsepositivetest4.csproj", "{D13071AE-3904-4130-B455-90BC4F15CDDA}"
EndProject
Global
	GlobalSection(SolutionConfigurationPlatforms) = preSolution
		Debug|Any CPU = Debug|Any CPU
		Release|Any CPU = Release|Any CPU
	EndGlobalSection
	GlobalSection(ProjectConfigurationPlatforms) = postSolution
		{D13071AE-3904-4130-B455-90BC4F15CDDA}.Debug|Any CPU.ActiveCfg = Debug|Any CPU
		{D13071AE-3904-4130-B455-90BC4F15CDDA}.Debug|Any CPU.Build.0 = Debug|Any CPU
		{D13071AE-3904-4130-B455-90BC4F15CDDA}.Release|Any CPU.ActiveCfg = Release|Any CPU
		{D13071AE-3904-4130-B455-90BC4F15CDDA}.Release|Any CPU.Build.0 = Release|Any CPU
	EndGlobalSection
	GlobalSection(SolutionProperties) = preSolution
		HideSolutionNode = FALSE
	EndGlobalSection
	GlobalSection(ExtensibilityGlobals) = postSolution
		SolutionGuid = {30B061EF-84E2-4799-B13E-97758BFE0CDB}
	EndGlobalSection
EndGlobal
